// !$*UTF8*$!
{
	archiveVersion = 1;
	classes = {
	};
	objectVersion = 48;
	objects = {

/* Begin PBXBuildFile section */
		5513C3681F6E71B700030A30 /* TestsSupport.swift in Sources */ = {isa = PBXBuildFile; fileRef = 5513C3671F6E71B700030A30 /* TestsSupport.swift */; };
		5513C3691F6E71B700030A30 /* TestsSupport.swift in Sources */ = {isa = PBXBuildFile; fileRef = 5513C3671F6E71B700030A30 /* TestsSupport.swift */; };
		5513C36B1F6E78A000030A30 /* KeyedDecodingTests.swift in Sources */ = {isa = PBXBuildFile; fileRef = 5513C36A1F6E78A000030A30 /* KeyedDecodingTests.swift */; };
		5513C36C1F6E78A000030A30 /* KeyedDecodingTests.swift in Sources */ = {isa = PBXBuildFile; fileRef = 5513C36A1F6E78A000030A30 /* KeyedDecodingTests.swift */; };
		551B2F6D1F5A9466009AE800 /* JavaScriptDecoder.swift in Sources */ = {isa = PBXBuildFile; fileRef = 551B2F6C1F5A9466009AE800 /* JavaScriptDecoder.swift */; };
		551B2F6E1F5A9466009AE800 /* JavaScriptDecoder.swift in Sources */ = {isa = PBXBuildFile; fileRef = 551B2F6C1F5A9466009AE800 /* JavaScriptDecoder.swift */; };
		5530C2FD1F5D8429005A97C9 /* SingleValueDecodingTests.swift in Sources */ = {isa = PBXBuildFile; fileRef = 5530C2FC1F5D8429005A97C9 /* SingleValueDecodingTests.swift */; };
		5530C2FE1F5D8429005A97C9 /* SingleValueDecodingTests.swift in Sources */ = {isa = PBXBuildFile; fileRef = 5530C2FC1F5D8429005A97C9 /* SingleValueDecodingTests.swift */; };
		5530C3001F5DAC73005A97C9 /* KeyedEncodingTests.swift in Sources */ = {isa = PBXBuildFile; fileRef = 5530C2FF1F5DAC73005A97C9 /* KeyedEncodingTests.swift */; };
		5530C3011F5DAC73005A97C9 /* KeyedEncodingTests.swift in Sources */ = {isa = PBXBuildFile; fileRef = 5530C2FF1F5DAC73005A97C9 /* KeyedEncodingTests.swift */; };
		5543E4931F5736D80057E28B /* Result.framework in Frameworks */ = {isa = PBXBuildFile; fileRef = 5543E4911F5736BF0057E28B /* Result.framework */; };
		5543E4951F5736E50057E28B /* Result.framework in Frameworks */ = {isa = PBXBuildFile; fileRef = 5543E4941F5736E50057E28B /* Result.framework */; };
		5543E4961F5737370057E28B /* JavaScriptKit.framework in Frameworks */ = {isa = PBXBuildFile; fileRef = 556E88E71F556EF70031476D /* JavaScriptKit.framework */; };
		5543E4981F57374F0057E28B /* JavaScriptKit.framework in Embed Frameworks */ = {isa = PBXBuildFile; fileRef = 556E88E71F556EF70031476D /* JavaScriptKit.framework */; settings = {ATTRIBUTES = (CodeSignOnCopy, RemoveHeadersOnCopy, ); }; };
		5543E49A1F5737560057E28B /* Result.framework in Embed Frameworks */ = {isa = PBXBuildFile; fileRef = 5543E4941F5736E50057E28B /* Result.framework */; settings = {ATTRIBUTES = (CodeSignOnCopy, RemoveHeadersOnCopy, ); }; };
		5543E49B1F57376A0057E28B /* Result.framework in Frameworks */ = {isa = PBXBuildFile; fileRef = 5543E4941F5736E50057E28B /* Result.framework */; };
		5543E49D1F5737910057E28B /* Result.framework in Embed Frameworks */ = {isa = PBXBuildFile; fileRef = 5543E4911F5736BF0057E28B /* Result.framework */; settings = {ATTRIBUTES = (CodeSignOnCopy, RemoveHeadersOnCopy, ); }; };
		5543E49E1F57379E0057E28B /* Result.framework in Frameworks */ = {isa = PBXBuildFile; fileRef = 5543E4911F5736BF0057E28B /* Result.framework */; };
		555CCC2F1F5EA7FD00BA9E1D /* UnkeyedDecodingTests.swift in Sources */ = {isa = PBXBuildFile; fileRef = 555CCC2E1F5EA7FD00BA9E1D /* UnkeyedDecodingTests.swift */; };
		555CCC301F5EA7FD00BA9E1D /* UnkeyedDecodingTests.swift in Sources */ = {isa = PBXBuildFile; fileRef = 555CCC2E1F5EA7FD00BA9E1D /* UnkeyedDecodingTests.swift */; };
		556987D11F5B2B2600FC4E07 /* CodableSupport.swift in Sources */ = {isa = PBXBuildFile; fileRef = 556987D01F5B2B2600FC4E07 /* CodableSupport.swift */; };
		556987D21F5B2B2600FC4E07 /* CodableSupport.swift in Sources */ = {isa = PBXBuildFile; fileRef = 556987D01F5B2B2600FC4E07 /* CodableSupport.swift */; };
		556987D41F5BF31700FC4E07 /* UnkeyedEncodingTests.swift in Sources */ = {isa = PBXBuildFile; fileRef = 556987D31F5BF31700FC4E07 /* UnkeyedEncodingTests.swift */; };
		556987D51F5BF31700FC4E07 /* UnkeyedEncodingTests.swift in Sources */ = {isa = PBXBuildFile; fileRef = 556987D31F5BF31700FC4E07 /* UnkeyedEncodingTests.swift */; };
		556E88CF1F549EBE0031476D /* JSFunction.swift in Sources */ = {isa = PBXBuildFile; fileRef = 556E88CE1F549EBE0031476D /* JSFunction.swift */; };
		556E88D51F5557A90031476D /* JSScript.swift in Sources */ = {isa = PBXBuildFile; fileRef = 556E88D41F5557A90031476D /* JSScript.swift */; };
		556E88D81F556EF70031476D /* JSTypes.swift in Sources */ = {isa = PBXBuildFile; fileRef = 55DAE6C71F546C9F009593AF /* JSTypes.swift */; };
		556E88D91F556EF70031476D /* JSVariable.swift in Sources */ = {isa = PBXBuildFile; fileRef = 55DAE6C31F546C9F009593AF /* JSVariable.swift */; };
		556E88DA1F556EF70031476D /* JSFunction.swift in Sources */ = {isa = PBXBuildFile; fileRef = 556E88CE1F549EBE0031476D /* JSFunction.swift */; };
		556E88DB1F556EF70031476D /* JSScript.swift in Sources */ = {isa = PBXBuildFile; fileRef = 556E88D41F5557A90031476D /* JSScript.swift */; };
		556E88DC1F556EF70031476D /* JSErrorDomain.swift in Sources */ = {isa = PBXBuildFile; fileRef = 55DAE6C41F546C9F009593AF /* JSErrorDomain.swift */; };
		556E88DD1F556EF70031476D /* JSExpression.swift in Sources */ = {isa = PBXBuildFile; fileRef = 55DAE6C51F546C9F009593AF /* JSExpression.swift */; };
		556E88E31F556EF70031476D /* Localizable.strings in Resources */ = {isa = PBXBuildFile; fileRef = 55DAE6EB1F546EDD009593AF /* Localizable.strings */; };
		556E88F41F556FDA0031476D /* UnitTestsSupport.bundle in Resources */ = {isa = PBXBuildFile; fileRef = 55DAE6D11F546CB5009593AF /* UnitTestsSupport.bundle */; };
		55BFFFD41F57EF6400F13633 /* JavaScriptEncoder.swift in Sources */ = {isa = PBXBuildFile; fileRef = 55BFFFD31F57EF6400F13633 /* JavaScriptEncoder.swift */; };
		55BFFFD51F57EF6400F13633 /* JavaScriptEncoder.swift in Sources */ = {isa = PBXBuildFile; fileRef = 55BFFFD31F57EF6400F13633 /* JavaScriptEncoder.swift */; };
		55C410B51F5AB39F008B0B0E /* SingleValueEncodingTests.swift in Sources */ = {isa = PBXBuildFile; fileRef = 55C410B41F5AB39F008B0B0E /* SingleValueEncodingTests.swift */; };
		55C410B61F5AB39F008B0B0E /* SingleValueEncodingTests.swift in Sources */ = {isa = PBXBuildFile; fileRef = 55C410B41F5AB39F008B0B0E /* SingleValueEncodingTests.swift */; };
		55C410B81F5AEF6C008B0B0E /* CodableModels.swift in Sources */ = {isa = PBXBuildFile; fileRef = 55C410B71F5AEF6C008B0B0E /* CodableModels.swift */; };
		55C410B91F5AEF6C008B0B0E /* CodableModels.swift in Sources */ = {isa = PBXBuildFile; fileRef = 55C410B71F5AEF6C008B0B0E /* CodableModels.swift */; };
		55DAE6AD1F546C22009593AF /* JavaScriptKit.framework in Frameworks */ = {isa = PBXBuildFile; fileRef = 55DAE6A31F546C21009593AF /* JavaScriptKit.framework */; };
		55DAE6C91F546C9F009593AF /* JSVariable.swift in Sources */ = {isa = PBXBuildFile; fileRef = 55DAE6C31F546C9F009593AF /* JSVariable.swift */; };
		55DAE6CA1F546C9F009593AF /* JSErrorDomain.swift in Sources */ = {isa = PBXBuildFile; fileRef = 55DAE6C41F546C9F009593AF /* JSErrorDomain.swift */; };
		55DAE6CB1F546C9F009593AF /* JSExpression.swift in Sources */ = {isa = PBXBuildFile; fileRef = 55DAE6C51F546C9F009593AF /* JSExpression.swift */; };
		55DAE6CD1F546C9F009593AF /* JSTypes.swift in Sources */ = {isa = PBXBuildFile; fileRef = 55DAE6C71F546C9F009593AF /* JSTypes.swift */; };
		55DAE6E81F546EAE009593AF /* JavaScriptKit.framework in Embed Frameworks */ = {isa = PBXBuildFile; fileRef = 55DAE6A31F546C21009593AF /* JavaScriptKit.framework */; settings = {ATTRIBUTES = (CodeSignOnCopy, RemoveHeadersOnCopy, ); }; };
		55DAE6E91F546EB9009593AF /* UnitTestsSupport.bundle in Resources */ = {isa = PBXBuildFile; fileRef = 55DAE6D11F546CB5009593AF /* UnitTestsSupport.bundle */; };
		55DAE6EE1F546EDD009593AF /* Localizable.strings in Resources */ = {isa = PBXBuildFile; fileRef = 55DAE6EB1F546EDD009593AF /* Localizable.strings */; };
/* End PBXBuildFile section */

/* Begin PBXContainerItemProxy section */
		5568A37A1F5571D4005495D2 /* PBXContainerItemProxy */ = {
			isa = PBXContainerItemProxy;
			containerPortal = 55DAE69A1F546C21009593AF /* Project object */;
			proxyType = 1;
			remoteGlobalIDString = 556E88D61F556EF70031476D;
			remoteInfo = "JavaScriptKit-macOS";
		};
		55DAE6AE1F546C22009593AF /* PBXContainerItemProxy */ = {
			isa = PBXContainerItemProxy;
			containerPortal = 55DAE69A1F546C21009593AF /* Project object */;
			proxyType = 1;
			remoteGlobalIDString = 55DAE6A21F546C21009593AF;
			remoteInfo = JSBridge;
		};
/* End PBXContainerItemProxy section */

/* Begin PBXCopyFilesBuildPhase section */
		5543E4971F5737460057E28B /* Embed Frameworks */ = {
			isa = PBXCopyFilesBuildPhase;
			buildActionMask = 2147483647;
			dstPath = "";
			dstSubfolderSpec = 10;
			files = (
				5543E49A1F5737560057E28B /* Result.framework in Embed Frameworks */,
				5543E4981F57374F0057E28B /* JavaScriptKit.framework in Embed Frameworks */,
			);
			name = "Embed Frameworks";
			runOnlyForDeploymentPostprocessing = 0;
		};
		55DAE6E71F546EA5009593AF /* Embed Frameworks */ = {
			isa = PBXCopyFilesBuildPhase;
			buildActionMask = 2147483647;
			dstPath = "";
			dstSubfolderSpec = 10;
			files = (
				5543E49D1F5737910057E28B /* Result.framework in Embed Frameworks */,
				55DAE6E81F546EAE009593AF /* JavaScriptKit.framework in Embed Frameworks */,
			);
			name = "Embed Frameworks";
			runOnlyForDeploymentPostprocessing = 0;
		};
/* End PBXCopyFilesBuildPhase section */

/* Begin PBXFileReference section */
		5513C3671F6E71B700030A30 /* TestsSupport.swift */ = {isa = PBXFileReference; lastKnownFileType = sourcecode.swift; path = TestsSupport.swift; sourceTree = "<group>"; };
		5513C36A1F6E78A000030A30 /* KeyedDecodingTests.swift */ = {isa = PBXFileReference; lastKnownFileType = sourcecode.swift; path = KeyedDecodingTests.swift; sourceTree = "<group>"; };
		551B2F6C1F5A9466009AE800 /* JavaScriptDecoder.swift */ = {isa = PBXFileReference; lastKnownFileType = sourcecode.swift; path = JavaScriptDecoder.swift; sourceTree = "<group>"; };
		5530C2FC1F5D8429005A97C9 /* SingleValueDecodingTests.swift */ = {isa = PBXFileReference; lastKnownFileType = sourcecode.swift; path = SingleValueDecodingTests.swift; sourceTree = "<group>"; };
		5530C2FF1F5DAC73005A97C9 /* KeyedEncodingTests.swift */ = {isa = PBXFileReference; lastKnownFileType = sourcecode.swift; path = KeyedEncodingTests.swift; sourceTree = "<group>"; };
		5543E48A1F57336D0057E28B /* JavaScriptKit.podspec */ = {isa = PBXFileReference; lastKnownFileType = text; path = JavaScriptKit.podspec; sourceTree = "<group>"; };
		5543E48B1F57336D0057E28B /* LICENSE */ = {isa = PBXFileReference; lastKnownFileType = text; path = LICENSE; sourceTree = "<group>"; };
		5543E48C1F57336D0057E28B /* README.md */ = {isa = PBXFileReference; lastKnownFileType = net.daringfireball.markdown; path = README.md; sourceTree = "<group>"; };
		5543E4911F5736BF0057E28B /* Result.framework */ = {isa = PBXFileReference; lastKnownFileType = wrapper.framework; name = Result.framework; path = Carthage/Build/iOS/Result.framework; sourceTree = "<group>"; };
		5543E4941F5736E50057E28B /* Result.framework */ = {isa = PBXFileReference; lastKnownFileType = wrapper.framework; name = Result.framework; path = Carthage/Build/Mac/Result.framework; sourceTree = "<group>"; };
		555CCC2E1F5EA7FD00BA9E1D /* UnkeyedDecodingTests.swift */ = {isa = PBXFileReference; lastKnownFileType = sourcecode.swift; path = UnkeyedDecodingTests.swift; sourceTree = "<group>"; };
		556987D01F5B2B2600FC4E07 /* CodableSupport.swift */ = {isa = PBXFileReference; lastKnownFileType = sourcecode.swift; path = CodableSupport.swift; sourceTree = "<group>"; };
		556987D31F5BF31700FC4E07 /* UnkeyedEncodingTests.swift */ = {isa = PBXFileReference; lastKnownFileType = sourcecode.swift; path = UnkeyedEncodingTests.swift; sourceTree = "<group>"; };
		556E88CE1F549EBE0031476D /* JSFunction.swift */ = {isa = PBXFileReference; lastKnownFileType = sourcecode.swift; path = JSFunction.swift; sourceTree = "<group>"; };
		556E88D21F54B0C50031476D /* .gitignore */ = {isa = PBXFileReference; lastKnownFileType = text; path = .gitignore; sourceTree = "<group>"; };
		556E88D41F5557A90031476D /* JSScript.swift */ = {isa = PBXFileReference; lastKnownFileType = sourcecode.swift; path = JSScript.swift; sourceTree = "<group>"; };
		556E88E71F556EF70031476D /* JavaScriptKit.framework */ = {isa = PBXFileReference; explicitFileType = wrapper.framework; includeInIndex = 0; path = JavaScriptKit.framework; sourceTree = BUILT_PRODUCTS_DIR; };
		556E88FB1F556FDA0031476D /* JavaScriptKitTests-macOS.xctest */ = {isa = PBXFileReference; explicitFileType = wrapper.cfbundle; includeInIndex = 0; path = "JavaScriptKitTests-macOS.xctest"; sourceTree = BUILT_PRODUCTS_DIR; };
		55BFFFD31F57EF6400F13633 /* JavaScriptEncoder.swift */ = {isa = PBXFileReference; lastKnownFileType = sourcecode.swift; path = JavaScriptEncoder.swift; sourceTree = "<group>"; };
		55C410B41F5AB39F008B0B0E /* SingleValueEncodingTests.swift */ = {isa = PBXFileReference; lastKnownFileType = sourcecode.swift; path = SingleValueEncodingTests.swift; sourceTree = "<group>"; };
		55C410B71F5AEF6C008B0B0E /* CodableModels.swift */ = {isa = PBXFileReference; lastKnownFileType = sourcecode.swift; path = CodableModels.swift; sourceTree = "<group>"; };
		55DAE6A31F546C21009593AF /* JavaScriptKit.framework */ = {isa = PBXFileReference; explicitFileType = wrapper.framework; includeInIndex = 0; path = JavaScriptKit.framework; sourceTree = BUILT_PRODUCTS_DIR; };
		55DAE6AC1F546C22009593AF /* JavaScriptKitTests-iOS.xctest */ = {isa = PBXFileReference; explicitFileType = wrapper.cfbundle; includeInIndex = 0; path = "JavaScriptKitTests-iOS.xctest"; sourceTree = BUILT_PRODUCTS_DIR; };
		55DAE6BE1F546C8B009593AF /* JavaScriptKitTests.plist */ = {isa = PBXFileReference; fileEncoding = 4; lastKnownFileType = text.plist.xml; path = JavaScriptKitTests.plist; sourceTree = "<group>"; };
		55DAE6BF1F546C8B009593AF /* JavaScriptKit.plist */ = {isa = PBXFileReference; fileEncoding = 4; lastKnownFileType = text.plist.xml; path = JavaScriptKit.plist; sourceTree = "<group>"; };
		55DAE6C31F546C9F009593AF /* JSVariable.swift */ = {isa = PBXFileReference; fileEncoding = 4; lastKnownFileType = sourcecode.swift; path = JSVariable.swift; sourceTree = "<group>"; };
		55DAE6C41F546C9F009593AF /* JSErrorDomain.swift */ = {isa = PBXFileReference; fileEncoding = 4; lastKnownFileType = sourcecode.swift; path = JSErrorDomain.swift; sourceTree = "<group>"; };
		55DAE6C51F546C9F009593AF /* JSExpression.swift */ = {isa = PBXFileReference; fileEncoding = 4; lastKnownFileType = sourcecode.swift; path = JSExpression.swift; sourceTree = "<group>"; };
		55DAE6C71F546C9F009593AF /* JSTypes.swift */ = {isa = PBXFileReference; fileEncoding = 4; lastKnownFileType = sourcecode.swift; path = JSTypes.swift; sourceTree = "<group>"; };
		55DAE6D11F546CB5009593AF /* UnitTestsSupport.bundle */ = {isa = PBXFileReference; lastKnownFileType = "wrapper.plug-in"; path = UnitTestsSupport.bundle; sourceTree = "<group>"; };
		55DAE6D31F546CB5009593AF /* JSExecutionTests.swift */ = {isa = PBXFileReference; fileEncoding = 4; lastKnownFileType = sourcecode.swift; path = JSExecutionTests.swift; sourceTree = "<group>"; };
		55DAE6D41F546CB5009593AF /* JSGenericExpressionTests.swift */ = {isa = PBXFileReference; fileEncoding = 4; lastKnownFileType = sourcecode.swift; path = JSGenericExpressionTests.swift; sourceTree = "<group>"; };
		55DAE6D51F546CB5009593AF /* JSConcreteExpressionTests.swift */ = {isa = PBXFileReference; fileEncoding = 4; lastKnownFileType = sourcecode.swift; path = JSConcreteExpressionTests.swift; sourceTree = "<group>"; };
		55DAE6EC1F546EDD009593AF /* en */ = {isa = PBXFileReference; lastKnownFileType = text.plist.strings; name = en; path = en.lproj/Localizable.strings; sourceTree = "<group>"; };
		55DAE6ED1F546EDD009593AF /* fr */ = {isa = PBXFileReference; lastKnownFileType = text.plist.strings; name = fr; path = fr.lproj/Localizable.strings; sourceTree = "<group>"; };
/* End PBXFileReference section */

/* Begin PBXFrameworksBuildPhase section */
		556E88DE1F556EF70031476D /* Frameworks */ = {
			isa = PBXFrameworksBuildPhase;
			buildActionMask = 2147483647;
			files = (
				5543E4951F5736E50057E28B /* Result.framework in Frameworks */,
			);
			runOnlyForDeploymentPostprocessing = 0;
		};
		556E88F01F556FDA0031476D /* Frameworks */ = {
			isa = PBXFrameworksBuildPhase;
			buildActionMask = 2147483647;
			files = (
				5543E49B1F57376A0057E28B /* Result.framework in Frameworks */,
				5543E4961F5737370057E28B /* JavaScriptKit.framework in Frameworks */,
			);
			runOnlyForDeploymentPostprocessing = 0;
		};
		55DAE69F1F546C21009593AF /* Frameworks */ = {
			isa = PBXFrameworksBuildPhase;
			buildActionMask = 2147483647;
			files = (
				5543E4931F5736D80057E28B /* Result.framework in Frameworks */,
			);
			runOnlyForDeploymentPostprocessing = 0;
		};
		55DAE6A91F546C22009593AF /* Frameworks */ = {
			isa = PBXFrameworksBuildPhase;
			buildActionMask = 2147483647;
			files = (
				5543E49E1F57379E0057E28B /* Result.framework in Frameworks */,
				55DAE6AD1F546C22009593AF /* JavaScriptKit.framework in Frameworks */,
			);
			runOnlyForDeploymentPostprocessing = 0;
		};
/* End PBXFrameworksBuildPhase section */

/* Begin PBXGroup section */
		551B2F6F1F5A946D009AE800 /* Codable */ = {
			isa = PBXGroup;
			children = (
				55BFFFD31F57EF6400F13633 /* JavaScriptEncoder.swift */,
				551B2F6C1F5A9466009AE800 /* JavaScriptDecoder.swift */,
				556987D01F5B2B2600FC4E07 /* CodableSupport.swift */,
			);
			path = Codable;
			sourceTree = "<group>";
		};
		5530C2FB1F5D8415005A97C9 /* Decoding */ = {
			isa = PBXGroup;
			children = (
				5530C2FC1F5D8429005A97C9 /* SingleValueDecodingTests.swift */,
				555CCC2E1F5EA7FD00BA9E1D /* UnkeyedDecodingTests.swift */,
				5513C36A1F6E78A000030A30 /* KeyedDecodingTests.swift */,
			);
			path = Decoding;
			sourceTree = "<group>";
		};
		5543E48D1F5733730057E28B /* Library Metadata */ = {
			isa = PBXGroup;
			children = (
				556E88D21F54B0C50031476D /* .gitignore */,
				5543E48B1F57336D0057E28B /* LICENSE */,
				5543E48A1F57336D0057E28B /* JavaScriptKit.podspec */,
				5543E48C1F57336D0057E28B /* README.md */,
			);
			name = "Library Metadata";
			sourceTree = "<group>";
		};
		556987D61F5C0B4700FC4E07 /* Encoding */ = {
			isa = PBXGroup;
			children = (
				55C410B41F5AB39F008B0B0E /* SingleValueEncodingTests.swift */,
				556987D31F5BF31700FC4E07 /* UnkeyedEncodingTests.swift */,
				5530C2FF1F5DAC73005A97C9 /* KeyedEncodingTests.swift */,
			);
			path = Encoding;
			sourceTree = "<group>";
		};
		556E88D31F5549000031476D /* Expressions */ = {
			isa = PBXGroup;
			children = (
				55DAE6C31F546C9F009593AF /* JSVariable.swift */,
				556E88CE1F549EBE0031476D /* JSFunction.swift */,
				556E88D41F5557A90031476D /* JSScript.swift */,
			);
			path = Expressions;
			sourceTree = "<group>";
		};
		55DAE6991F546C21009593AF = {
			isa = PBXGroup;
			children = (
				55DAE6C21F546C9F009593AF /* Sources */,
				55DAE6EA1F546EDD009593AF /* Locales */,
				55DAE6BD1F546C8B009593AF /* Config */,
				55DAE6CF1F546CB5009593AF /* Tests */,
				5543E48D1F5733730057E28B /* Library Metadata */,
				55DAE6A41F546C21009593AF /* Products */,
				55DAE6DD1F546D67009593AF /* Frameworks */,
			);
			sourceTree = "<group>";
		};
		55DAE6A41F546C21009593AF /* Products */ = {
			isa = PBXGroup;
			children = (
				55DAE6A31F546C21009593AF /* JavaScriptKit.framework */,
				55DAE6AC1F546C22009593AF /* JavaScriptKitTests-iOS.xctest */,
				556E88E71F556EF70031476D /* JavaScriptKit.framework */,
				556E88FB1F556FDA0031476D /* JavaScriptKitTests-macOS.xctest */,
			);
			name = Products;
			sourceTree = "<group>";
		};
		55DAE6BD1F546C8B009593AF /* Config */ = {
			isa = PBXGroup;
			children = (
				55DAE6BF1F546C8B009593AF /* JavaScriptKit.plist */,
				55DAE6BE1F546C8B009593AF /* JavaScriptKitTests.plist */,
			);
			path = Config;
			sourceTree = "<group>";
		};
		55DAE6C21F546C9F009593AF /* Sources */ = {
			isa = PBXGroup;
			children = (
				55DAE6C71F546C9F009593AF /* JSTypes.swift */,
				55DAE6C51F546C9F009593AF /* JSExpression.swift */,
				55DAE6C41F546C9F009593AF /* JSErrorDomain.swift */,
				551B2F6F1F5A946D009AE800 /* Codable */,
				556E88D31F5549000031476D /* Expressions */,
			);
			path = Sources;
			sourceTree = "<group>";
		};
		55DAE6CF1F546CB5009593AF /* Tests */ = {
			isa = PBXGroup;
			children = (
				55DAE6D01F546CB5009593AF /* Resources */,
				55DAE6D21F546CB5009593AF /* JavaScriptKit */,
			);
			path = Tests;
			sourceTree = "<group>";
		};
		55DAE6D01F546CB5009593AF /* Resources */ = {
			isa = PBXGroup;
			children = (
				55DAE6D11F546CB5009593AF /* UnitTestsSupport.bundle */,
			);
			path = Resources;
			sourceTree = "<group>";
		};
		55DAE6D21F546CB5009593AF /* JavaScriptKit */ = {
			isa = PBXGroup;
			children = (
				5513C3671F6E71B700030A30 /* TestsSupport.swift */,
				55C410B71F5AEF6C008B0B0E /* CodableModels.swift */,
				556987D61F5C0B4700FC4E07 /* Encoding */,
				5530C2FB1F5D8415005A97C9 /* Decoding */,
				55DAE6D31F546CB5009593AF /* JSExecutionTests.swift */,
				55DAE6D41F546CB5009593AF /* JSGenericExpressionTests.swift */,
				55DAE6D51F546CB5009593AF /* JSConcreteExpressionTests.swift */,
			);
			path = JavaScriptKit;
			sourceTree = "<group>";
		};
		55DAE6DD1F546D67009593AF /* Frameworks */ = {
			isa = PBXGroup;
			children = (
				5543E4941F5736E50057E28B /* Result.framework */,
				5543E4911F5736BF0057E28B /* Result.framework */,
			);
			name = Frameworks;
			sourceTree = "<group>";
		};
		55DAE6EA1F546EDD009593AF /* Locales */ = {
			isa = PBXGroup;
			children = (
				55DAE6EB1F546EDD009593AF /* Localizable.strings */,
			);
			path = Locales;
			sourceTree = "<group>";
		};
/* End PBXGroup section */

/* Begin PBXHeadersBuildPhase section */
		556E88E01F556EF70031476D /* Headers */ = {
			isa = PBXHeadersBuildPhase;
			buildActionMask = 2147483647;
			files = (
			);
			runOnlyForDeploymentPostprocessing = 0;
		};
		55DAE6A01F546C21009593AF /* Headers */ = {
			isa = PBXHeadersBuildPhase;
			buildActionMask = 2147483647;
			files = (
			);
			runOnlyForDeploymentPostprocessing = 0;
		};
/* End PBXHeadersBuildPhase section */

/* Begin PBXNativeTarget section */
		556E88D61F556EF70031476D /* JavaScriptKit-macOS */ = {
			isa = PBXNativeTarget;
			buildConfigurationList = 556E88E41F556EF70031476D /* Build configuration list for PBXNativeTarget "JavaScriptKit-macOS" */;
			buildPhases = (
				556E88D71F556EF70031476D /* Sources */,
				556E88DE1F556EF70031476D /* Frameworks */,
				556E88E01F556EF70031476D /* Headers */,
				556E88E11F556EF70031476D /* Resources */,
			);
			buildRules = (
			);
			dependencies = (
			);
			name = "JavaScriptKit-macOS";
			productName = JSBridge;
			productReference = 556E88E71F556EF70031476D /* JavaScriptKit.framework */;
			productType = "com.apple.product-type.framework";
		};
		556E88E91F556FDA0031476D /* JavaScriptKitTests-macOS */ = {
			isa = PBXNativeTarget;
			buildConfigurationList = 556E88F81F556FDA0031476D /* Build configuration list for PBXNativeTarget "JavaScriptKitTests-macOS" */;
			buildPhases = (
				556E88EC1F556FDA0031476D /* Sources */,
				556E88F01F556FDA0031476D /* Frameworks */,
				556E88F31F556FDA0031476D /* Resources */,
				5543E4971F5737460057E28B /* Embed Frameworks */,
			);
			buildRules = (
			);
			dependencies = (
				5568A37B1F5571D4005495D2 /* PBXTargetDependency */,
			);
			name = "JavaScriptKitTests-macOS";
			productName = JSBridgeTests;
			productReference = 556E88FB1F556FDA0031476D /* JavaScriptKitTests-macOS.xctest */;
			productType = "com.apple.product-type.bundle.unit-test";
		};
		55DAE6A21F546C21009593AF /* JavaScriptKit-iOS */ = {
			isa = PBXNativeTarget;
			buildConfigurationList = 55DAE6B71F546C22009593AF /* Build configuration list for PBXNativeTarget "JavaScriptKit-iOS" */;
			buildPhases = (
				55DAE69E1F546C21009593AF /* Sources */,
				55DAE69F1F546C21009593AF /* Frameworks */,
				55DAE6A01F546C21009593AF /* Headers */,
				55DAE6A11F546C21009593AF /* Resources */,
			);
			buildRules = (
			);
			dependencies = (
			);
			name = "JavaScriptKit-iOS";
			productName = JSBridge;
			productReference = 55DAE6A31F546C21009593AF /* JavaScriptKit.framework */;
			productType = "com.apple.product-type.framework";
		};
		55DAE6AB1F546C22009593AF /* JavaScriptKitTests-iOS */ = {
			isa = PBXNativeTarget;
			buildConfigurationList = 55DAE6BA1F546C22009593AF /* Build configuration list for PBXNativeTarget "JavaScriptKitTests-iOS" */;
			buildPhases = (
				55DAE6A81F546C22009593AF /* Sources */,
				55DAE6A91F546C22009593AF /* Frameworks */,
				55DAE6AA1F546C22009593AF /* Resources */,
				55DAE6E71F546EA5009593AF /* Embed Frameworks */,
			);
			buildRules = (
			);
			dependencies = (
				55DAE6AF1F546C22009593AF /* PBXTargetDependency */,
			);
			name = "JavaScriptKitTests-iOS";
			productName = JSBridgeTests;
			productReference = 55DAE6AC1F546C22009593AF /* JavaScriptKitTests-iOS.xctest */;
			productType = "com.apple.product-type.bundle.unit-test";
		};
/* End PBXNativeTarget section */

/* Begin PBXProject section */
		55DAE69A1F546C21009593AF /* Project object */ = {
			isa = PBXProject;
			attributes = {
				LastSwiftUpdateCheck = 0900;
				LastUpgradeCheck = 0900;
				ORGANIZATIONNAME = "AURA Media";
				TargetAttributes = {
					556E88D61F556EF70031476D = {
						ProvisioningStyle = Manual;
					};
					556E88E91F556FDA0031476D = {
						ProvisioningStyle = Manual;
					};
					55DAE6A21F546C21009593AF = {
						CreatedOnToolsVersion = 9.0;
						ProvisioningStyle = Manual;
					};
					55DAE6AB1F546C22009593AF = {
						CreatedOnToolsVersion = 9.0;
						ProvisioningStyle = Manual;
					};
				};
			};
			buildConfigurationList = 55DAE69D1F546C21009593AF /* Build configuration list for PBXProject "JavaScriptKit" */;
			compatibilityVersion = "Xcode 8.0";
			developmentRegion = en;
			hasScannedForEncodings = 0;
			knownRegions = (
				en,
				fr,
			);
			mainGroup = 55DAE6991F546C21009593AF;
			productRefGroup = 55DAE6A41F546C21009593AF /* Products */;
			projectDirPath = "";
			projectRoot = "";
			targets = (
				55DAE6A21F546C21009593AF /* JavaScriptKit-iOS */,
				556E88D61F556EF70031476D /* JavaScriptKit-macOS */,
				55DAE6AB1F546C22009593AF /* JavaScriptKitTests-iOS */,
				556E88E91F556FDA0031476D /* JavaScriptKitTests-macOS */,
			);
		};
/* End PBXProject section */

/* Begin PBXResourcesBuildPhase section */
		556E88E11F556EF70031476D /* Resources */ = {
			isa = PBXResourcesBuildPhase;
			buildActionMask = 2147483647;
			files = (
				556E88E31F556EF70031476D /* Localizable.strings in Resources */,
			);
			runOnlyForDeploymentPostprocessing = 0;
		};
		556E88F31F556FDA0031476D /* Resources */ = {
			isa = PBXResourcesBuildPhase;
			buildActionMask = 2147483647;
			files = (
				556E88F41F556FDA0031476D /* UnitTestsSupport.bundle in Resources */,
			);
			runOnlyForDeploymentPostprocessing = 0;
		};
		55DAE6A11F546C21009593AF /* Resources */ = {
			isa = PBXResourcesBuildPhase;
			buildActionMask = 2147483647;
			files = (
				55DAE6EE1F546EDD009593AF /* Localizable.strings in Resources */,
			);
			runOnlyForDeploymentPostprocessing = 0;
		};
		55DAE6AA1F546C22009593AF /* Resources */ = {
			isa = PBXResourcesBuildPhase;
			buildActionMask = 2147483647;
			files = (
				55DAE6E91F546EB9009593AF /* UnitTestsSupport.bundle in Resources */,
			);
			runOnlyForDeploymentPostprocessing = 0;
		};
/* End PBXResourcesBuildPhase section */

/* Begin PBXSourcesBuildPhase section */
		556E88D71F556EF70031476D /* Sources */ = {
			isa = PBXSourcesBuildPhase;
			buildActionMask = 2147483647;
			files = (
				556E88D81F556EF70031476D /* JSTypes.swift in Sources */,
				55BFFFD51F57EF6400F13633 /* JavaScriptEncoder.swift in Sources */,
				556E88D91F556EF70031476D /* JSVariable.swift in Sources */,
				556E88DA1F556EF70031476D /* JSFunction.swift in Sources */,
				556E88DB1F556EF70031476D /* JSScript.swift in Sources */,
				556987D21F5B2B2600FC4E07 /* CodableSupport.swift in Sources */,
				551B2F6E1F5A9466009AE800 /* JavaScriptDecoder.swift in Sources */,
				556E88DC1F556EF70031476D /* JSErrorDomain.swift in Sources */,
				556E88DD1F556EF70031476D /* JSExpression.swift in Sources */,
			);
			runOnlyForDeploymentPostprocessing = 0;
		};
		556E88EC1F556FDA0031476D /* Sources */ = {
			isa = PBXSourcesBuildPhase;
			buildActionMask = 2147483647;
			files = (
				5530C3011F5DAC73005A97C9 /* KeyedEncodingTests.swift in Sources */,
				555CCC301F5EA7FD00BA9E1D /* UnkeyedDecodingTests.swift in Sources */,
				55C410B91F5AEF6C008B0B0E /* CodableModels.swift in Sources */,
				5513C3691F6E71B700030A30 /* TestsSupport.swift in Sources */,
				5513C36C1F6E78A000030A30 /* KeyedDecodingTests.swift in Sources */,
				5530C2FE1F5D8429005A97C9 /* SingleValueDecodingTests.swift in Sources */,
				55C410B61F5AB39F008B0B0E /* SingleValueEncodingTests.swift in Sources */,
				556987D51F5BF31700FC4E07 /* UnkeyedEncodingTests.swift in Sources */,
			);
			runOnlyForDeploymentPostprocessing = 0;
		};
		55DAE69E1F546C21009593AF /* Sources */ = {
			isa = PBXSourcesBuildPhase;
			buildActionMask = 2147483647;
			files = (
				55DAE6CD1F546C9F009593AF /* JSTypes.swift in Sources */,
				55BFFFD41F57EF6400F13633 /* JavaScriptEncoder.swift in Sources */,
				55DAE6C91F546C9F009593AF /* JSVariable.swift in Sources */,
				556E88CF1F549EBE0031476D /* JSFunction.swift in Sources */,
				556E88D51F5557A90031476D /* JSScript.swift in Sources */,
				556987D11F5B2B2600FC4E07 /* CodableSupport.swift in Sources */,
				551B2F6D1F5A9466009AE800 /* JavaScriptDecoder.swift in Sources */,
				55DAE6CA1F546C9F009593AF /* JSErrorDomain.swift in Sources */,
				55DAE6CB1F546C9F009593AF /* JSExpression.swift in Sources */,
			);
			runOnlyForDeploymentPostprocessing = 0;
		};
		55DAE6A81F546C22009593AF /* Sources */ = {
			isa = PBXSourcesBuildPhase;
			buildActionMask = 2147483647;
			files = (
				5530C3001F5DAC73005A97C9 /* KeyedEncodingTests.swift in Sources */,
				555CCC2F1F5EA7FD00BA9E1D /* UnkeyedDecodingTests.swift in Sources */,
				55C410B81F5AEF6C008B0B0E /* CodableModels.swift in Sources */,
				5513C3681F6E71B700030A30 /* TestsSupport.swift in Sources */,
				5513C36B1F6E78A000030A30 /* KeyedDecodingTests.swift in Sources */,
				5530C2FD1F5D8429005A97C9 /* SingleValueDecodingTests.swift in Sources */,
				55C410B51F5AB39F008B0B0E /* SingleValueEncodingTests.swift in Sources */,
				556987D41F5BF31700FC4E07 /* UnkeyedEncodingTests.swift in Sources */,
			);
			runOnlyForDeploymentPostprocessing = 0;
		};
/* End PBXSourcesBuildPhase section */

/* Begin PBXTargetDependency section */
		5568A37B1F5571D4005495D2 /* PBXTargetDependency */ = {
			isa = PBXTargetDependency;
			target = 556E88D61F556EF70031476D /* JavaScriptKit-macOS */;
			targetProxy = 5568A37A1F5571D4005495D2 /* PBXContainerItemProxy */;
		};
		55DAE6AF1F546C22009593AF /* PBXTargetDependency */ = {
			isa = PBXTargetDependency;
			target = 55DAE6A21F546C21009593AF /* JavaScriptKit-iOS */;
			targetProxy = 55DAE6AE1F546C22009593AF /* PBXContainerItemProxy */;
		};
/* End PBXTargetDependency section */

/* Begin PBXVariantGroup section */
		55DAE6EB1F546EDD009593AF /* Localizable.strings */ = {
			isa = PBXVariantGroup;
			children = (
				55DAE6EC1F546EDD009593AF /* en */,
				55DAE6ED1F546EDD009593AF /* fr */,
			);
			name = Localizable.strings;
			sourceTree = "<group>";
		};
/* End PBXVariantGroup section */

/* Begin XCBuildConfiguration section */
		556E88E51F556EF70031476D /* Debug */ = {
			isa = XCBuildConfiguration;
			buildSettings = {
				APPLICATION_EXTENSION_API_ONLY = YES;
				CODE_SIGN_IDENTITY = "";
				CODE_SIGN_STYLE = Manual;
				DEFINES_MODULE = YES;
				DEVELOPMENT_TEAM = "";
				DYLIB_COMPATIBILITY_VERSION = 1;
				DYLIB_CURRENT_VERSION = 1;
				DYLIB_INSTALL_NAME_BASE = "@rpath";
				FRAMEWORK_SEARCH_PATHS = (
					"$(inherited)",
					"$(PROJECT_DIR)/Carthage/Build/Mac",
					"$(PROJECT_DIR)/Carthage/Build/iOS",
				);
				INFOPLIST_FILE = Config/JavaScriptKit.plist;
				INSTALL_PATH = "$(LOCAL_LIBRARY_DIR)/Frameworks";
				IPHONEOS_DEPLOYMENT_TARGET = 9.0;
				LD_RUNPATH_SEARCH_PATHS = "$(inherited) @executable_path/Frameworks @loader_path/Frameworks";
				MACOSX_DEPLOYMENT_TARGET = 10.10;
				PRODUCT_BUNDLE_IDENTIFIER = fr.alexaubry.JavaScriptKit;
				PRODUCT_NAME = JavaScriptKit;
				PROVISIONING_PROFILE_SPECIFIER = "";
				SDKROOT = macosx;
				SKIP_INSTALL = YES;
				SUPPORTED_PLATFORMS = macosx;
				SWIFT_VERSION = 4.0;
				TARGETED_DEVICE_FAMILY = "1,2";
			};
			name = Debug;
		};
		556E88E61F556EF70031476D /* Release */ = {
			isa = XCBuildConfiguration;
			buildSettings = {
				APPLICATION_EXTENSION_API_ONLY = YES;
				CODE_SIGN_IDENTITY = "";
				CODE_SIGN_STYLE = Manual;
				DEFINES_MODULE = YES;
				DEVELOPMENT_TEAM = "";
				DYLIB_COMPATIBILITY_VERSION = 1;
				DYLIB_CURRENT_VERSION = 1;
				DYLIB_INSTALL_NAME_BASE = "@rpath";
				FRAMEWORK_SEARCH_PATHS = (
					"$(inherited)",
					"$(PROJECT_DIR)/Carthage/Build/Mac",
					"$(PROJECT_DIR)/Carthage/Build/iOS",
				);
				INFOPLIST_FILE = Config/JavaScriptKit.plist;
				INSTALL_PATH = "$(LOCAL_LIBRARY_DIR)/Frameworks";
				IPHONEOS_DEPLOYMENT_TARGET = 9.0;
				LD_RUNPATH_SEARCH_PATHS = "$(inherited) @executable_path/Frameworks @loader_path/Frameworks";
				MACOSX_DEPLOYMENT_TARGET = 10.10;
				PRODUCT_BUNDLE_IDENTIFIER = fr.alexaubry.JavaScriptKit;
				PRODUCT_NAME = JavaScriptKit;
				PROVISIONING_PROFILE_SPECIFIER = "";
				SDKROOT = macosx;
				SKIP_INSTALL = YES;
				SUPPORTED_PLATFORMS = macosx;
				SWIFT_VERSION = 4.0;
				TARGETED_DEVICE_FAMILY = "1,2";
			};
			name = Release;
		};
		556E88F91F556FDA0031476D /* Debug */ = {
			isa = XCBuildConfiguration;
			buildSettings = {
				ALWAYS_EMBED_SWIFT_STANDARD_LIBRARIES = YES;
				CODE_SIGN_IDENTITY = "";
				CODE_SIGN_STYLE = Manual;
				DEVELOPMENT_TEAM = "";
				FRAMEWORK_SEARCH_PATHS = (
					"$(inherited)",
					"$(PROJECT_DIR)/Carthage/Build/Mac",
				);
				INFOPLIST_FILE = Config/JavaScriptKitTests.plist;
				LD_RUNPATH_SEARCH_PATHS = "$(inherited) @executable_path/../Frameworks @loader_path/../Frameworks";
				PRODUCT_BUNDLE_IDENTIFIER = "fr.alexaubry.JavaScriptKit.Tests-macOS";
				PRODUCT_NAME = "$(TARGET_NAME)";
				PROVISIONING_PROFILE_SPECIFIER = "";
				SDKROOT = macosx;
				SUPPORTED_PLATFORMS = macosx;
				SWIFT_VERSION = 4.0;
			};
			name = Debug;
		};
		556E88FA1F556FDA0031476D /* Release */ = {
			isa = XCBuildConfiguration;
			buildSettings = {
				ALWAYS_EMBED_SWIFT_STANDARD_LIBRARIES = YES;
				CODE_SIGN_IDENTITY = "";
				CODE_SIGN_STYLE = Manual;
				DEVELOPMENT_TEAM = "";
				FRAMEWORK_SEARCH_PATHS = (
					"$(inherited)",
					"$(PROJECT_DIR)/Carthage/Build/Mac",
				);
				INFOPLIST_FILE = Config/JavaScriptKitTests.plist;
				LD_RUNPATH_SEARCH_PATHS = "$(inherited) @executable_path/../Frameworks @loader_path/../Frameworks";
				PRODUCT_BUNDLE_IDENTIFIER = "fr.alexaubry.JavaScriptKit.Tests-macOS";
				PRODUCT_NAME = "$(TARGET_NAME)";
				PROVISIONING_PROFILE_SPECIFIER = "";
				SDKROOT = macosx;
				SUPPORTED_PLATFORMS = macosx;
				SWIFT_VERSION = 4.0;
			};
			name = Release;
		};
		55DAE6B51F546C22009593AF /* Debug */ = {
			isa = XCBuildConfiguration;
			buildSettings = {
				ALWAYS_SEARCH_USER_PATHS = NO;
				CLANG_ANALYZER_NONNULL = YES;
				CLANG_ANALYZER_NUMBER_OBJECT_CONVERSION = YES_AGGRESSIVE;
				CLANG_CXX_LANGUAGE_STANDARD = "gnu++14";
				CLANG_CXX_LIBRARY = "libc++";
				CLANG_ENABLE_MODULES = YES;
				CLANG_ENABLE_OBJC_ARC = YES;
				CLANG_WARN_BLOCK_CAPTURE_AUTORELEASING = YES;
				CLANG_WARN_BOOL_CONVERSION = YES;
				CLANG_WARN_COMMA = YES;
				CLANG_WARN_CONSTANT_CONVERSION = YES;
				CLANG_WARN_DIRECT_OBJC_ISA_USAGE = YES_ERROR;
				CLANG_WARN_DOCUMENTATION_COMMENTS = YES;
				CLANG_WARN_EMPTY_BODY = YES;
				CLANG_WARN_ENUM_CONVERSION = YES;
				CLANG_WARN_INFINITE_RECURSION = YES;
				CLANG_WARN_INT_CONVERSION = YES;
				CLANG_WARN_NON_LITERAL_NULL_CONVERSION = YES;
				CLANG_WARN_OBJC_LITERAL_CONVERSION = YES;
				CLANG_WARN_OBJC_ROOT_CLASS = YES_ERROR;
				CLANG_WARN_RANGE_LOOP_ANALYSIS = YES;
				CLANG_WARN_STRICT_PROTOTYPES = YES;
				CLANG_WARN_SUSPICIOUS_MOVE = YES;
				CLANG_WARN_UNGUARDED_AVAILABILITY = YES_AGGRESSIVE;
				CLANG_WARN_UNREACHABLE_CODE = YES;
				CLANG_WARN__DUPLICATE_METHOD_MATCH = YES;
				CODE_SIGN_IDENTITY = "iPhone Developer";
				COPY_PHASE_STRIP = NO;
				CURRENT_PROJECT_VERSION = 1;
				DEBUG_INFORMATION_FORMAT = dwarf;
				ENABLE_STRICT_OBJC_MSGSEND = YES;
				ENABLE_TESTABILITY = YES;
				GCC_C_LANGUAGE_STANDARD = gnu11;
				GCC_DYNAMIC_NO_PIC = NO;
				GCC_NO_COMMON_BLOCKS = YES;
				GCC_OPTIMIZATION_LEVEL = 0;
				GCC_PREPROCESSOR_DEFINITIONS = (
					"DEBUG=1",
					"$(inherited)",
				);
				GCC_WARN_64_TO_32_BIT_CONVERSION = YES;
				GCC_WARN_ABOUT_RETURN_TYPE = YES_ERROR;
				GCC_WARN_UNDECLARED_SELECTOR = YES;
				GCC_WARN_UNINITIALIZED_AUTOS = YES_AGGRESSIVE;
				GCC_WARN_UNUSED_FUNCTION = YES;
				GCC_WARN_UNUSED_VARIABLE = YES;
				IPHONEOS_DEPLOYMENT_TARGET = 11.0;
				MTL_ENABLE_DEBUG_INFO = YES;
				ONLY_ACTIVE_ARCH = YES;
				SDKROOT = iphoneos;
				SWIFT_ACTIVE_COMPILATION_CONDITIONS = DEBUG;
				SWIFT_OPTIMIZATION_LEVEL = "-Onone";
				VERSIONING_SYSTEM = "apple-generic";
				VERSION_INFO_PREFIX = "";
			};
			name = Debug;
		};
		55DAE6B61F546C22009593AF /* Release */ = {
			isa = XCBuildConfiguration;
			buildSettings = {
				ALWAYS_SEARCH_USER_PATHS = NO;
				CLANG_ANALYZER_NONNULL = YES;
				CLANG_ANALYZER_NUMBER_OBJECT_CONVERSION = YES_AGGRESSIVE;
				CLANG_CXX_LANGUAGE_STANDARD = "gnu++14";
				CLANG_CXX_LIBRARY = "libc++";
				CLANG_ENABLE_MODULES = YES;
				CLANG_ENABLE_OBJC_ARC = YES;
				CLANG_WARN_BLOCK_CAPTURE_AUTORELEASING = YES;
				CLANG_WARN_BOOL_CONVERSION = YES;
				CLANG_WARN_COMMA = YES;
				CLANG_WARN_CONSTANT_CONVERSION = YES;
				CLANG_WARN_DIRECT_OBJC_ISA_USAGE = YES_ERROR;
				CLANG_WARN_DOCUMENTATION_COMMENTS = YES;
				CLANG_WARN_EMPTY_BODY = YES;
				CLANG_WARN_ENUM_CONVERSION = YES;
				CLANG_WARN_INFINITE_RECURSION = YES;
				CLANG_WARN_INT_CONVERSION = YES;
				CLANG_WARN_NON_LITERAL_NULL_CONVERSION = YES;
				CLANG_WARN_OBJC_LITERAL_CONVERSION = YES;
				CLANG_WARN_OBJC_ROOT_CLASS = YES_ERROR;
				CLANG_WARN_RANGE_LOOP_ANALYSIS = YES;
				CLANG_WARN_STRICT_PROTOTYPES = YES;
				CLANG_WARN_SUSPICIOUS_MOVE = YES;
				CLANG_WARN_UNGUARDED_AVAILABILITY = YES_AGGRESSIVE;
				CLANG_WARN_UNREACHABLE_CODE = YES;
				CLANG_WARN__DUPLICATE_METHOD_MATCH = YES;
				CODE_SIGN_IDENTITY = "iPhone Developer";
				COPY_PHASE_STRIP = NO;
				CURRENT_PROJECT_VERSION = 1;
				DEBUG_INFORMATION_FORMAT = "dwarf-with-dsym";
				ENABLE_NS_ASSERTIONS = NO;
				ENABLE_STRICT_OBJC_MSGSEND = YES;
				GCC_C_LANGUAGE_STANDARD = gnu11;
				GCC_NO_COMMON_BLOCKS = YES;
				GCC_WARN_64_TO_32_BIT_CONVERSION = YES;
				GCC_WARN_ABOUT_RETURN_TYPE = YES_ERROR;
				GCC_WARN_UNDECLARED_SELECTOR = YES;
				GCC_WARN_UNINITIALIZED_AUTOS = YES_AGGRESSIVE;
				GCC_WARN_UNUSED_FUNCTION = YES;
				GCC_WARN_UNUSED_VARIABLE = YES;
				IPHONEOS_DEPLOYMENT_TARGET = 11.0;
				MTL_ENABLE_DEBUG_INFO = NO;
				SDKROOT = iphoneos;
				SWIFT_OPTIMIZATION_LEVEL = "-Owholemodule";
				VALIDATE_PRODUCT = YES;
				VERSIONING_SYSTEM = "apple-generic";
				VERSION_INFO_PREFIX = "";
			};
			name = Release;
		};
		55DAE6B81F546C22009593AF /* Debug */ = {
			isa = XCBuildConfiguration;
			buildSettings = {
				APPLICATION_EXTENSION_API_ONLY = YES;
				CODE_SIGN_IDENTITY = "";
				CODE_SIGN_STYLE = Manual;
				DEFINES_MODULE = YES;
				DEVELOPMENT_TEAM = "";
				DYLIB_COMPATIBILITY_VERSION = 1;
				DYLIB_CURRENT_VERSION = 1;
				DYLIB_INSTALL_NAME_BASE = "@rpath";
				FRAMEWORK_SEARCH_PATHS = (
					"$(inherited)",
					"$(PROJECT_DIR)/Carthage/Build/iOS",
				);
				INFOPLIST_FILE = Config/JavaScriptKit.plist;
				INSTALL_PATH = "$(LOCAL_LIBRARY_DIR)/Frameworks";
				IPHONEOS_DEPLOYMENT_TARGET = 9.0;
				LD_RUNPATH_SEARCH_PATHS = "$(inherited) @executable_path/Frameworks @loader_path/Frameworks";
				PRODUCT_BUNDLE_IDENTIFIER = fr.alexaubry.JavaScriptKit;
				PRODUCT_NAME = JavaScriptKit;
				PROVISIONING_PROFILE_SPECIFIER = "";
				SKIP_INSTALL = YES;
				SWIFT_VERSION = 4.0;
				TARGETED_DEVICE_FAMILY = "1,2";
			};
			name = Debug;
		};
		55DAE6B91F546C22009593AF /* Release */ = {
			isa = XCBuildConfiguration;
			buildSettings = {
				APPLICATION_EXTENSION_API_ONLY = YES;
				CODE_SIGN_IDENTITY = "";
				CODE_SIGN_STYLE = Manual;
				DEFINES_MODULE = YES;
				DEVELOPMENT_TEAM = "";
				DYLIB_COMPATIBILITY_VERSION = 1;
				DYLIB_CURRENT_VERSION = 1;
				DYLIB_INSTALL_NAME_BASE = "@rpath";
				FRAMEWORK_SEARCH_PATHS = (
					"$(inherited)",
					"$(PROJECT_DIR)/Carthage/Build/iOS",
				);
				INFOPLIST_FILE = Config/JavaScriptKit.plist;
				INSTALL_PATH = "$(LOCAL_LIBRARY_DIR)/Frameworks";
				IPHONEOS_DEPLOYMENT_TARGET = 9.0;
				LD_RUNPATH_SEARCH_PATHS = "$(inherited) @executable_path/Frameworks @loader_path/Frameworks";
				PRODUCT_BUNDLE_IDENTIFIER = fr.alexaubry.JavaScriptKit;
				PRODUCT_NAME = JavaScriptKit;
				PROVISIONING_PROFILE_SPECIFIER = "";
				SKIP_INSTALL = YES;
				SWIFT_VERSION = 4.0;
				TARGETED_DEVICE_FAMILY = "1,2";
			};
			name = Release;
		};
		55DAE6BB1F546C22009593AF /* Debug */ = {
			isa = XCBuildConfiguration;
			buildSettings = {
				ALWAYS_EMBED_SWIFT_STANDARD_LIBRARIES = YES;
				CODE_SIGN_IDENTITY = "";
				CODE_SIGN_STYLE = Manual;
				DEVELOPMENT_TEAM = "";
				FRAMEWORK_SEARCH_PATHS = (
					"$(inherited)",
					"$(PROJECT_DIR)/Carthage/Build/iOS",
				);
				INFOPLIST_FILE = Config/JavaScriptKitTests.plist;
				LD_RUNPATH_SEARCH_PATHS = "$(inherited) @executable_path/Frameworks @loader_path/Frameworks";
				PRODUCT_BUNDLE_IDENTIFIER = "fr.alexaubry.JavaScriptKit.Tests-iOS";
				PRODUCT_NAME = "$(TARGET_NAME)";
				PROVISIONING_PROFILE_SPECIFIER = "";
				SWIFT_VERSION = 4.0;
				TARGETED_DEVICE_FAMILY = "1,2";
			};
			name = Debug;
		};
		55DAE6BC1F546C22009593AF /* Release */ = {
			isa = XCBuildConfiguration;
			buildSettings = {
				ALWAYS_EMBED_SWIFT_STANDARD_LIBRARIES = YES;
				CODE_SIGN_IDENTITY = "";
				CODE_SIGN_STYLE = Manual;
				DEVELOPMENT_TEAM = "";
				FRAMEWORK_SEARCH_PATHS = (
					"$(inherited)",
					"$(PROJECT_DIR)/Carthage/Build/iOS",
				);
				INFOPLIST_FILE = Config/JavaScriptKitTests.plist;
				LD_RUNPATH_SEARCH_PATHS = "$(inherited) @executable_path/Frameworks @loader_path/Frameworks";
				PRODUCT_BUNDLE_IDENTIFIER = "fr.alexaubry.JavaScriptKit.Tests-iOS";
				PRODUCT_NAME = "$(TARGET_NAME)";
				PROVISIONING_PROFILE_SPECIFIER = "";
				SWIFT_VERSION = 4.0;
				TARGETED_DEVICE_FAMILY = "1,2";
			};
			name = Release;
		};
/* End XCBuildConfiguration section */

/* Begin XCConfigurationList section */
		556E88E41F556EF70031476D /* Build configuration list for PBXNativeTarget "JavaScriptKit-macOS" */ = {
			isa = XCConfigurationList;
			buildConfigurations = (
				556E88E51F556EF70031476D /* Debug */,
				556E88E61F556EF70031476D /* Release */,
			);
			defaultConfigurationIsVisible = 0;
			defaultConfigurationName = Release;
		};
		556E88F81F556FDA0031476D /* Build configuration list for PBXNativeTarget "JavaScriptKitTests-macOS" */ = {
			isa = XCConfigurationList;
			buildConfigurations = (
				556E88F91F556FDA0031476D /* Debug */,
				556E88FA1F556FDA0031476D /* Release */,
			);
			defaultConfigurationIsVisible = 0;
			defaultConfigurationName = Release;
		};
		55DAE69D1F546C21009593AF /* Build configuration list for PBXProject "JavaScriptKit" */ = {
			isa = XCConfigurationList;
			buildConfigurations = (
				55DAE6B51F546C22009593AF /* Debug */,
				55DAE6B61F546C22009593AF /* Release */,
			);
			defaultConfigurationIsVisible = 0;
			defaultConfigurationName = Release;
		};
		55DAE6B71F546C22009593AF /* Build configuration list for PBXNativeTarget "JavaScriptKit-iOS" */ = {
			isa = XCConfigurationList;
			buildConfigurations = (
				55DAE6B81F546C22009593AF /* Debug */,
				55DAE6B91F546C22009593AF /* Release */,
			);
			defaultConfigurationIsVisible = 0;
			defaultConfigurationName = Release;
		};
		55DAE6BA1F546C22009593AF /* Build configuration list for PBXNativeTarget "JavaScriptKitTests-iOS" */ = {
			isa = XCConfigurationList;
			buildConfigurations = (
				55DAE6BB1F546C22009593AF /* Debug */,
				55DAE6BC1F546C22009593AF /* Release */,
			);
			defaultConfigurationIsVisible = 0;
			defaultConfigurationName = Release;
		};
/* End XCConfigurationList section */
	};
	rootObject = 55DAE69A1F546C21009593AF /* Project object */;
}
